
Microsoft Visual Studio Solution File, Format Version 12.00
# Visual Studio Version 17
VisualStudioVersion = 17.11.35222.181
MinimumVisualStudioVersion = 10.0.40219.1
Project("{FAE04EC0-301F-11D3-BF4B-00C04F79EFBC}") = "WordCountApp", "WordCountApp\WordCountApp.csproj", "{A70BECB7-B386-47D3-81EA-18BCE970F9E9}"
EndProject
Global
	GlobalSection(SolutionConfigurationPlatforms) = preSolution
		Debug|Any CPU = Debug|Any CPU
		Release|Any CPU = Release|Any CPU
	EndGlobalSection
	GlobalSection(ProjectConfigurationPlatforms) = postSolution
		{A70BECB7-B386-47D3-81EA-18BCE970F9E9}.Debug|Any CPU.ActiveCfg = Debug|Any CPU
		{A70BECB7-B386-47D3-81EA-18BCE970F9E9}.Debug|Any CPU.Build.0 = Debug|Any CPU
		{A70BECB7-B386-47D3-81EA-18BCE970F9E9}.Release|Any CPU.ActiveCfg = Release|Any CPU
		{A70BECB7-B386-47D3-81EA-18BCE970F9E9}.Release|Any CPU.Build.0 = Release|Any CPU
	EndGlobalSection
	GlobalSection(SolutionProperties) = preSolution
		HideSolutionNode = FALSE
	EndGlobalSection
	GlobalSection(ExtensibilityGlobals) = postSolution
		SolutionGuid = {2D164166-D89B-437E-A208-A3F0FCB08AF4}
	EndGlobalSection
EndGlobal
